
Microsoft Visual Studio Solution File, Format Version 12.00
# Visual Studio Version 17
VisualStudioVersion = 17.3.32825.248
MinimumVisualStudioVersion = 10.0.40219.1
Project("{535C04D7-A2A5-47C7-83E0-B340A995CD1F}") = "CBLJRM05", "CBLJRM05.cblproj", "{88C203D6-08F3-4883-B874-E70BA3BBDED6}"
EndProject
Global
	GlobalSection(SolutionConfigurationPlatforms) = preSolution
		Debug|x86 = Debug|x86
		Release|x86 = Release|x86
	EndGlobalSection
	GlobalSection(ProjectConfigurationPlatforms) = postSolution
		{88C203D6-08F3-4883-B874-E70BA3BBDED6}.Debug|x86.ActiveCfg = Debug|x86
		{88C203D6-08F3-4883-B874-E70BA3BBDED6}.Debug|x86.Build.0 = Debug|x86
		{88C203D6-08F3-4883-B874-E70BA3BBDED6}.Release|x86.ActiveCfg = Release|x86
		{88C203D6-08F3-4883-B874-E70BA3BBDED6}.Release|x86.Build.0 = Release|x86
	EndGlobalSection
	GlobalSection(SolutionProperties) = preSolution
		HideSolutionNode = FALSE
	EndGlobalSection
	GlobalSection(ExtensibilityGlobals) = postSolution
		SolutionGuid = {28AC238E-4F66-4DB4-AA91-7CEC16E84D42}
	EndGlobalSection
EndGlobal
